
Microsoft Visual Studio Solution File, Format Version 12.00
# Visual Studio Version 16
VisualStudioVersion = 16.0.31624.102
MinimumVisualStudioVersion = 10.0.40219.1
Project("{FAE04EC0-301F-11D3-BF4B-00C04F79EFBC}") = "LocalFunctions", "LocalFunctions\LocalFunctions.csproj", "{8D79EDC1-C9BC-4FAA-AD34-DEA1859C6EBD}"
EndProject
Global
	GlobalSection(SolutionConfigurationPlatforms) = preSolution
		Debug|Any CPU = Debug|Any CPU
		Release|Any CPU = Release|Any CPU
	EndGlobalSection
	GlobalSection(ProjectConfigurationPlatforms) = postSolution
		{8D79EDC1-C9BC-4FAA-AD34-DEA1859C6EBD}.Debug|Any CPU.ActiveCfg = Debug|Any CPU
		{8D79EDC1-C9BC-4FAA-AD34-DEA1859C6EBD}.Debug|Any CPU.Build.0 = Debug|Any CPU
		{8D79EDC1-C9BC-4FAA-AD34-DEA1859C6EBD}.Release|Any CPU.ActiveCfg = Release|Any CPU
		{8D79EDC1-C9BC-4FAA-AD34-DEA1859C6EBD}.Release|Any CPU.Build.0 = Release|Any CPU
	EndGlobalSection
	GlobalSection(SolutionProperties) = preSolution
		HideSolutionNode = FALSE
	EndGlobalSection
	GlobalSection(ExtensibilityGlobals) = postSolution
		SolutionGuid = {3C74E0FE-BCB9-4054-8D48-3BF7DAC06306}
	EndGlobalSection
EndGlobal
