
Microsoft Visual Studio Solution File, Format Version 12.00
# Visual Studio Version 16
VisualStudioVersion = 16.0.31624.102
MinimumVisualStudioVersion = 10.0.40219.1
Project("{FAE04EC0-301F-11D3-BF4B-00C04F79EFBC}") = "OperatorOverload", "OperatorOverload\OperatorOverload.csproj", "{19BAC46C-AAC0-450A-B538-1C229294BD6E}"
EndProject
Global
	GlobalSection(SolutionConfigurationPlatforms) = preSolution
		Debug|Any CPU = Debug|Any CPU
		Release|Any CPU = Release|Any CPU
	EndGlobalSection
	GlobalSection(ProjectConfigurationPlatforms) = postSolution
		{19BAC46C-AAC0-450A-B538-1C229294BD6E}.Debug|Any CPU.ActiveCfg = Debug|Any CPU
		{19BAC46C-AAC0-450A-B538-1C229294BD6E}.Debug|Any CPU.Build.0 = Debug|Any CPU
		{19BAC46C-AAC0-450A-B538-1C229294BD6E}.Release|Any CPU.ActiveCfg = Release|Any CPU
		{19BAC46C-AAC0-450A-B538-1C229294BD6E}.Release|Any CPU.Build.0 = Release|Any CPU
	EndGlobalSection
	GlobalSection(SolutionProperties) = preSolution
		HideSolutionNode = FALSE
	EndGlobalSection
	GlobalSection(ExtensibilityGlobals) = postSolution
		SolutionGuid = {790A4DBB-D40B-450A-ADCE-11E804C69B2F}
	EndGlobalSection
EndGlobal
