
Microsoft Visual Studio Solution File, Format Version 12.00
# Visual Studio Version 16
VisualStudioVersion = 16.0.31624.102
MinimumVisualStudioVersion = 10.0.40219.1
Project("{FAE04EC0-301F-11D3-BF4B-00C04F79EFBC}") = "NullCoalasceOp", "NullCoalasceOp\NullCoalasceOp.csproj", "{A331642A-4495-43A7-975B-C2E1A48100C2}"
EndProject
Global
	GlobalSection(SolutionConfigurationPlatforms) = preSolution
		Debug|Any CPU = Debug|Any CPU
		Release|Any CPU = Release|Any CPU
	EndGlobalSection
	GlobalSection(ProjectConfigurationPlatforms) = postSolution
		{A331642A-4495-43A7-975B-C2E1A48100C2}.Debug|Any CPU.ActiveCfg = Debug|Any CPU
		{A331642A-4495-43A7-975B-C2E1A48100C2}.Debug|Any CPU.Build.0 = Debug|Any CPU
		{A331642A-4495-43A7-975B-C2E1A48100C2}.Release|Any CPU.ActiveCfg = Release|Any CPU
		{A331642A-4495-43A7-975B-C2E1A48100C2}.Release|Any CPU.Build.0 = Release|Any CPU
	EndGlobalSection
	GlobalSection(SolutionProperties) = preSolution
		HideSolutionNode = FALSE
	EndGlobalSection
	GlobalSection(ExtensibilityGlobals) = postSolution
		SolutionGuid = {D09979EC-7B4F-4C3F-BAC9-249805DC9ED4}
	EndGlobalSection
EndGlobal
