
Microsoft Visual Studio Solution File, Format Version 12.00
# Visual Studio Version 16
VisualStudioVersion = 16.0.31624.102
MinimumVisualStudioVersion = 10.0.40219.1
Project("{FAE04EC0-301F-11D3-BF4B-00C04F79EFBC}") = "Stringbuilder", "Stringbuilder\Stringbuilder.csproj", "{C4368DC0-C2CA-4C88-AA5A-22046A946EB3}"
EndProject
Global
	GlobalSection(SolutionConfigurationPlatforms) = preSolution
		Debug|Any CPU = Debug|Any CPU
		Release|Any CPU = Release|Any CPU
	EndGlobalSection
	GlobalSection(ProjectConfigurationPlatforms) = postSolution
		{C4368DC0-C2CA-4C88-AA5A-22046A946EB3}.Debug|Any CPU.ActiveCfg = Debug|Any CPU
		{C4368DC0-C2CA-4C88-AA5A-22046A946EB3}.Debug|Any CPU.Build.0 = Debug|Any CPU
		{C4368DC0-C2CA-4C88-AA5A-22046A946EB3}.Release|Any CPU.ActiveCfg = Release|Any CPU
		{C4368DC0-C2CA-4C88-AA5A-22046A946EB3}.Release|Any CPU.Build.0 = Release|Any CPU
	EndGlobalSection
	GlobalSection(SolutionProperties) = preSolution
		HideSolutionNode = FALSE
	EndGlobalSection
	GlobalSection(ExtensibilityGlobals) = postSolution
		SolutionGuid = {932EED58-D194-41C7-A14A-53858FD74C3F}
	EndGlobalSection
EndGlobal
